
Microsoft Visual Studio Solution File, Format Version 12.00
# Visual Studio Version 17
VisualStudioVersion = 17.0.31912.275
MinimumVisualStudioVersion = 10.0.40219.1
Project("{9A19103F-16F7-4668-BE54-9A1E7A4F7556}") = "Project.Net.PingProtector.2006", "Project.Net.PingProtector.2006\Project.Net.PingProtector.2006.csproj", "{571A3683-007E-468E-B1A0-ED034282A1B1}"
EndProject
Project("{9A19103F-16F7-4668-BE54-9A1E7A4F7556}") = "PingProtector.DAL", "PingProtector.DAL\PingProtector.DAL.csproj", "{2E8EF306-2210-40E2-A667-33D12D12E225}"
EndProject
Project("{9A19103F-16F7-4668-BE54-9A1E7A4F7556}") = "PingProtector.BLL", "PingProtector.BLL\PingProtector.BLL.csproj", "{D2471E00-4F5B-42FF-B783-7A3A5BBC15EA}"
EndProject
Project("{9A19103F-16F7-4668-BE54-9A1E7A4F7556}") = "Common", "Common\Common.csproj", "{78909665-23FC-4A1C-A420-633DE3C19B0E}"
EndProject
Project("{9A19103F-16F7-4668-BE54-9A1E7A4F7556}") = "Configuration", "Configuration\Configuration.csproj", "{8D140C74-24CA-42E6-B8FF-0D5511C9E733}"
EndProject
Project("{2150E333-8FDC-42A3-9474-1A3956D46DE8}") = "Commons", "Commons", "{B80F91BF-DD05-4A12-8EDB-E2BB52667E04}"
EndProject
Project("{9A19103F-16F7-4668-BE54-9A1E7A4F7556}") = "NetworkApi", "NetworkApi\NetworkApi.csproj", "{0F9CD95E-46AE-4C22-9355-7049C1F24B08}"
EndProject
Project("{9A19103F-16F7-4668-BE54-9A1E7A4F7556}") = "WinAPI", "WinAPI\WinAPI.csproj", "{9DB66A01-4528-4AD6-B1D0-4D435F24D6C6}"
EndProject
Project("{9A19103F-16F7-4668-BE54-9A1E7A4F7556}") = "SGTClientPatchServices", "SGTClientPatchServices\SGTClientPatchServices.csproj", "{18FDD3A5-C1A3-4F53-A3AF-A467E78068CD}"
EndProject
Project("{2150E333-8FDC-42A3-9474-1A3956D46DE8}") = "ClientPatchServices", "ClientPatchServices", "{30E3BBBA-1999-48C7-8759-458CF6CBD821}"
EndProject
Project("{9A19103F-16F7-4668-BE54-9A1E7A4F7556}") = "Setup", "Setup\Setup.csproj", "{977C6EDC-1596-49D4-98BE-448F9E028515}"
EndProject
Project("{9A19103F-16F7-4668-BE54-9A1E7A4F7556}") = "SGTClientTray", "SGTClientTray\SGTClientTray.csproj", "{4544037C-4109-4256-B595-C72CAAA64C9E}"
EndProject
Project("{9A19103F-16F7-4668-BE54-9A1E7A4F7556}") = "CipperGenerator", "CipperGenerator\CipperGenerator.csproj", "{A8E4288A-09D4-4DFC-BA00-493577FF1ADF}"
EndProject
Project("{9A19103F-16F7-4668-BE54-9A1E7A4F7556}") = "SignalRCommunicator", "SignalRCommunicator\SignalRCommunicator.csproj", "{F5436D4F-8E40-4941-929D-531CFCFBBC19}"
EndProject
Project("{9A19103F-16F7-4668-BE54-9A1E7A4F7556}") = "UpdaterClient", "Updater\UpdaterClient.csproj", "{09DC9B0C-42FF-461B-AE6A-0B28884C9DCD}"
EndProject
Project("{9A19103F-16F7-4668-BE54-9A1E7A4F7556}") = "DevServer", "DevServer\DevServer.csproj", "{0B2440EB-518B-4D36-8888-4F770BE9185E}"
EndProject
Project("{2150E333-8FDC-42A3-9474-1A3956D46DE8}") = "Updater", "Updater", "{1A630402-9B0F-4303-9FE7-856F2ACD3919}"
EndProject
Project("{9A19103F-16F7-4668-BE54-9A1E7A4F7556}") = "RegisterConfigration", "RegisterConfigration\RegisterConfigration.csproj", "{ED7F7C43-C55B-4F0E-93F6-BCF601EDA9A2}"
EndProject
Project("{2150E333-8FDC-42A3-9474-1A3956D46DE8}") = "Vendor", "Vendor", "{A5A778A4-E100-4BFE-8751-70B091017ECC}"
EndProject
Project("{9A19103F-16F7-4668-BE54-9A1E7A4F7556}") = "NETworkManager.Models", "D:\serfend\services\ts-yapi\NETworkManager-raw\Source\NETworkManager.Models\NETworkManager.Models.csproj", "{8A2859DC-38B6-4E9D-A6B2-1828DC6641B3}"
EndProject
Project("{9A19103F-16F7-4668-BE54-9A1E7A4F7556}") = "NETworkManager.Utilities", "D:\serfend\services\ts-yapi\NETworkManager-raw\Source\NETworkManager.Utilities\NETworkManager.Utilities.csproj", "{5C3D1749-D260-4566-B448-B94B3AD9EEFF}"
EndProject
Global
	GlobalSection(SolutionConfigurationPlatforms) = preSolution
		Debug|Any CPU = Debug|Any CPU
		Release|Any CPU = Release|Any CPU
	EndGlobalSection
	GlobalSection(ProjectConfigurationPlatforms) = postSolution
		{571A3683-007E-468E-B1A0-ED034282A1B1}.Debug|Any CPU.ActiveCfg = Debug|Any CPU
		{571A3683-007E-468E-B1A0-ED034282A1B1}.Debug|Any CPU.Build.0 = Debug|Any CPU
		{571A3683-007E-468E-B1A0-ED034282A1B1}.Release|Any CPU.ActiveCfg = Release|Any CPU
		{571A3683-007E-468E-B1A0-ED034282A1B1}.Release|Any CPU.Build.0 = Release|Any CPU
		{2E8EF306-2210-40E2-A667-33D12D12E225}.Debug|Any CPU.ActiveCfg = Debug|Any CPU
		{2E8EF306-2210-40E2-A667-33D12D12E225}.Debug|Any CPU.Build.0 = Debug|Any CPU
		{2E8EF306-2210-40E2-A667-33D12D12E225}.Release|Any CPU.ActiveCfg = Release|Any CPU
		{2E8EF306-2210-40E2-A667-33D12D12E225}.Release|Any CPU.Build.0 = Release|Any CPU
		{D2471E00-4F5B-42FF-B783-7A3A5BBC15EA}.Debug|Any CPU.ActiveCfg = Debug|Any CPU
		{D2471E00-4F5B-42FF-B783-7A3A5BBC15EA}.Debug|Any CPU.Build.0 = Debug|Any CPU
		{D2471E00-4F5B-42FF-B783-7A3A5BBC15EA}.Release|Any CPU.ActiveCfg = Release|Any CPU
		{D2471E00-4F5B-42FF-B783-7A3A5BBC15EA}.Release|Any CPU.Build.0 = Release|Any CPU
		{78909665-23FC-4A1C-A420-633DE3C19B0E}.Debug|Any CPU.ActiveCfg = Debug|Any CPU
		{78909665-23FC-4A1C-A420-633DE3C19B0E}.Debug|Any CPU.Build.0 = Debug|Any CPU
		{78909665-23FC-4A1C-A420-633DE3C19B0E}.Release|Any CPU.ActiveCfg = Release|Any CPU
		{78909665-23FC-4A1C-A420-633DE3C19B0E}.Release|Any CPU.Build.0 = Release|Any CPU
		{8D140C74-24CA-42E6-B8FF-0D5511C9E733}.Debug|Any CPU.ActiveCfg = Debug|Any CPU
		{8D140C74-24CA-42E6-B8FF-0D5511C9E733}.Debug|Any CPU.Build.0 = Debug|Any CPU
		{8D140C74-24CA-42E6-B8FF-0D5511C9E733}.Release|Any CPU.ActiveCfg = Release|Any CPU
		{8D140C74-24CA-42E6-B8FF-0D5511C9E733}.Release|Any CPU.Build.0 = Release|Any CPU
		{0F9CD95E-46AE-4C22-9355-7049C1F24B08}.Debug|Any CPU.ActiveCfg = Debug|Any CPU
		{0F9CD95E-46AE-4C22-9355-7049C1F24B08}.Debug|Any CPU.Build.0 = Debug|Any CPU
		{0F9CD95E-46AE-4C22-9355-7049C1F24B08}.Release|Any CPU.ActiveCfg = Release|Any CPU
		{0F9CD95E-46AE-4C22-9355-7049C1F24B08}.Release|Any CPU.Build.0 = Release|Any CPU
		{9DB66A01-4528-4AD6-B1D0-4D435F24D6C6}.Debug|Any CPU.ActiveCfg = Debug|Any CPU
		{9DB66A01-4528-4AD6-B1D0-4D435F24D6C6}.Debug|Any CPU.Build.0 = Debug|Any CPU
		{9DB66A01-4528-4AD6-B1D0-4D435F24D6C6}.Release|Any CPU.ActiveCfg = Release|Any CPU
		{9DB66A01-4528-4AD6-B1D0-4D435F24D6C6}.Release|Any CPU.Build.0 = Release|Any CPU
		{18FDD3A5-C1A3-4F53-A3AF-A467E78068CD}.Debug|Any CPU.ActiveCfg = Debug|Any CPU
		{18FDD3A5-C1A3-4F53-A3AF-A467E78068CD}.Debug|Any CPU.Build.0 = Debug|Any CPU
		{18FDD3A5-C1A3-4F53-A3AF-A467E78068CD}.Release|Any CPU.ActiveCfg = Release|Any CPU
		{18FDD3A5-C1A3-4F53-A3AF-A467E78068CD}.Release|Any CPU.Build.0 = Release|Any CPU
		{977C6EDC-1596-49D4-98BE-448F9E028515}.Debug|Any CPU.ActiveCfg = Debug|Any CPU
		{977C6EDC-1596-49D4-98BE-448F9E028515}.Debug|Any CPU.Build.0 = Debug|Any CPU
		{977C6EDC-1596-49D4-98BE-448F9E028515}.Release|Any CPU.ActiveCfg = Release|Any CPU
		{977C6EDC-1596-49D4-98BE-448F9E028515}.Release|Any CPU.Build.0 = Release|Any CPU
		{4544037C-4109-4256-B595-C72CAAA64C9E}.Debug|Any CPU.ActiveCfg = Debug|Any CPU
		{4544037C-4109-4256-B595-C72CAAA64C9E}.Debug|Any CPU.Build.0 = Debug|Any CPU
		{4544037C-4109-4256-B595-C72CAAA64C9E}.Release|Any CPU.ActiveCfg = Release|Any CPU
		{4544037C-4109-4256-B595-C72CAAA64C9E}.Release|Any CPU.Build.0 = Release|Any CPU
		{A8E4288A-09D4-4DFC-BA00-493577FF1ADF}.Debug|Any CPU.ActiveCfg = Debug|Any CPU
		{A8E4288A-09D4-4DFC-BA00-493577FF1ADF}.Debug|Any CPU.Build.0 = Debug|Any CPU
		{A8E4288A-09D4-4DFC-BA00-493577FF1ADF}.Release|Any CPU.ActiveCfg = Release|Any CPU
		{A8E4288A-09D4-4DFC-BA00-493577FF1ADF}.Release|Any CPU.Build.0 = Release|Any CPU
		{F5436D4F-8E40-4941-929D-531CFCFBBC19}.Debug|Any CPU.ActiveCfg = Debug|Any CPU
		{F5436D4F-8E40-4941-929D-531CFCFBBC19}.Debug|Any CPU.Build.0 = Debug|Any CPU
		{F5436D4F-8E40-4941-929D-531CFCFBBC19}.Release|Any CPU.ActiveCfg = Release|Any CPU
		{F5436D4F-8E40-4941-929D-531CFCFBBC19}.Release|Any CPU.Build.0 = Release|Any CPU
		{09DC9B0C-42FF-461B-AE6A-0B28884C9DCD}.Debug|Any CPU.ActiveCfg = Debug|Any CPU
		{09DC9B0C-42FF-461B-AE6A-0B28884C9DCD}.Debug|Any CPU.Build.0 = Debug|Any CPU
		{09DC9B0C-42FF-461B-AE6A-0B28884C9DCD}.Release|Any CPU.ActiveCfg = Release|Any CPU
		{09DC9B0C-42FF-461B-AE6A-0B28884C9DCD}.Release|Any CPU.Build.0 = Release|Any CPU
		{0B2440EB-518B-4D36-8888-4F770BE9185E}.Debug|Any CPU.ActiveCfg = Debug|Any CPU
		{0B2440EB-518B-4D36-8888-4F770BE9185E}.Debug|Any CPU.Build.0 = Debug|Any CPU
		{0B2440EB-518B-4D36-8888-4F770BE9185E}.Release|Any CPU.ActiveCfg = Release|Any CPU
		{0B2440EB-518B-4D36-8888-4F770BE9185E}.Release|Any CPU.Build.0 = Release|Any CPU
		{ED7F7C43-C55B-4F0E-93F6-BCF601EDA9A2}.Debug|Any CPU.ActiveCfg = Debug|Any CPU
		{ED7F7C43-C55B-4F0E-93F6-BCF601EDA9A2}.Debug|Any CPU.Build.0 = Debug|Any CPU
		{ED7F7C43-C55B-4F0E-93F6-BCF601EDA9A2}.Release|Any CPU.ActiveCfg = Release|Any CPU
		{ED7F7C43-C55B-4F0E-93F6-BCF601EDA9A2}.Release|Any CPU.Build.0 = Release|Any CPU
		{8A2859DC-38B6-4E9D-A6B2-1828DC6641B3}.Debug|Any CPU.ActiveCfg = Debug|Any CPU
		{8A2859DC-38B6-4E9D-A6B2-1828DC6641B3}.Debug|Any CPU.Build.0 = Debug|Any CPU
		{8A2859DC-38B6-4E9D-A6B2-1828DC6641B3}.Release|Any CPU.ActiveCfg = Release|Any CPU
		{8A2859DC-38B6-4E9D-A6B2-1828DC6641B3}.Release|Any CPU.Build.0 = Release|Any CPU
		{5C3D1749-D260-4566-B448-B94B3AD9EEFF}.Debug|Any CPU.ActiveCfg = Debug|Any CPU
		{5C3D1749-D260-4566-B448-B94B3AD9EEFF}.Debug|Any CPU.Build.0 = Debug|Any CPU
		{5C3D1749-D260-4566-B448-B94B3AD9EEFF}.Release|Any CPU.ActiveCfg = Release|Any CPU
		{5C3D1749-D260-4566-B448-B94B3AD9EEFF}.Release|Any CPU.Build.0 = Release|Any CPU
	EndGlobalSection
	GlobalSection(SolutionProperties) = preSolution
		HideSolutionNode = FALSE
	EndGlobalSection
	GlobalSection(NestedProjects) = preSolution
		{78909665-23FC-4A1C-A420-633DE3C19B0E} = {B80F91BF-DD05-4A12-8EDB-E2BB52667E04}
		{0F9CD95E-46AE-4C22-9355-7049C1F24B08} = {B80F91BF-DD05-4A12-8EDB-E2BB52667E04}
		{18FDD3A5-C1A3-4F53-A3AF-A467E78068CD} = {30E3BBBA-1999-48C7-8759-458CF6CBD821}
		{977C6EDC-1596-49D4-98BE-448F9E028515} = {30E3BBBA-1999-48C7-8759-458CF6CBD821}
		{4544037C-4109-4256-B595-C72CAAA64C9E} = {30E3BBBA-1999-48C7-8759-458CF6CBD821}
		{F5436D4F-8E40-4941-929D-531CFCFBBC19} = {B80F91BF-DD05-4A12-8EDB-E2BB52667E04}
		{09DC9B0C-42FF-461B-AE6A-0B28884C9DCD} = {1A630402-9B0F-4303-9FE7-856F2ACD3919}
		{0B2440EB-518B-4D36-8888-4F770BE9185E} = {B80F91BF-DD05-4A12-8EDB-E2BB52667E04}
		{1A630402-9B0F-4303-9FE7-856F2ACD3919} = {B80F91BF-DD05-4A12-8EDB-E2BB52667E04}
		{ED7F7C43-C55B-4F0E-93F6-BCF601EDA9A2} = {B80F91BF-DD05-4A12-8EDB-E2BB52667E04}
		{8A2859DC-38B6-4E9D-A6B2-1828DC6641B3} = {A5A778A4-E100-4BFE-8751-70B091017ECC}
		{5C3D1749-D260-4566-B448-B94B3AD9EEFF} = {A5A778A4-E100-4BFE-8751-70B091017ECC}
	EndGlobalSection
	GlobalSection(ExtensibilityGlobals) = postSolution
		SolutionGuid = {F5410085-16A8-435F-8CAB-3FCF7CE64A63}
	EndGlobalSection
EndGlobal
